// !$*UTF8*$!
{
	archiveVersion = 1;
	classes = {
	};
	objectVersion = 56;
	objects = {

/* Begin PBXBuildFile section */
		791B6F3A2C859D49007B10D7 /* Social_MediaApp.swift in Sources */ = {isa = PBXBuildFile; fileRef = 791B6F392C859D49007B10D7 /* Social_MediaApp.swift */; };
		791B6F3C2C859D49007B10D7 /* ContentView.swift in Sources */ = {isa = PBXBuildFile; fileRef = 791B6F3B2C859D49007B10D7 /* ContentView.swift */; };
		791B6F3E2C859D4B007B10D7 /* Assets.xcassets in Resources */ = {isa = PBXBuildFile; fileRef = 791B6F3D2C859D4B007B10D7 /* Assets.xcassets */; };
		791B6F412C859D4B007B10D7 /* Preview Assets.xcassets in Resources */ = {isa = PBXBuildFile; fileRef = 791B6F402C859D4B007B10D7 /* Preview Assets.xcassets */; };
		791B6F482C859DEE007B10D7 /* GoogleService-Info.plist in Resources */ = {isa = PBXBuildFile; fileRef = 791B6F472C859DED007B10D7 /* GoogleService-Info.plist */; };
		79262D422C85DD0600E19C82 /* AuthViewModel.swift in Sources */ = {isa = PBXBuildFile; fileRef = 79262D412C85DD0600E19C82 /* AuthViewModel.swift */; };
		79262D462C85E74400E19C82 /* LoginView.swift in Sources */ = {isa = PBXBuildFile; fileRef = 79262D452C85E74400E19C82 /* LoginView.swift */; };
		79262D482C8688BE00E19C82 /* MainView.swift in Sources */ = {isa = PBXBuildFile; fileRef = 79262D472C8688BE00E19C82 /* MainView.swift */; };
		79B3154B2C8AABF6002C9462 /* PickImage.swift in Sources */ = {isa = PBXBuildFile; fileRef = 79B3154A2C8AABF6002C9462 /* PickImage.swift */; };
		79D46DEA2C883DF4003F1CF8 /* PostViewModel.swift in Sources */ = {isa = PBXBuildFile; fileRef = 79D46DE92C883DF4003F1CF8 /* PostViewModel.swift */; };
		79D46DEC2C884232003F1CF8 /* FirebaseFirestore in Frameworks */ = {isa = PBXBuildFile; productRef = 79D46DEB2C884232003F1CF8 /* FirebaseFirestore */; };
		79D46DF02C8851A6003F1CF8 /* FirebaseStorage in Frameworks */ = {isa = PBXBuildFile; productRef = 79D46DEF2C8851A6003F1CF8 /* FirebaseStorage */; };
		79F27D742C89CF9A00D1AA65 /* PostView.swift in Sources */ = {isa = PBXBuildFile; fileRef = 79F27D732C89CF9A00D1AA65 /* PostView.swift */; };
		79F747502C85A7BE00E4BB30 /* FirebaseAuth in Frameworks */ = {isa = PBXBuildFile; productRef = 79F7474F2C85A7BE00E4BB30 /* FirebaseAuth */; };
/* End PBXBuildFile section */

/* Begin PBXFileReference section */
		791B6F362C859D49007B10D7 /* Social Media.app */ = {isa = PBXFileReference; explicitFileType = wrapper.application; includeInIndex = 0; path = "Social Media.app"; sourceTree = BUILT_PRODUCTS_DIR; };
		791B6F392C859D49007B10D7 /* Social_MediaApp.swift */ = {isa = PBXFileReference; lastKnownFileType = sourcecode.swift; path = Social_MediaApp.swift; sourceTree = "<group>"; };
		791B6F3B2C859D49007B10D7 /* ContentView.swift */ = {isa = PBXFileReference; lastKnownFileType = sourcecode.swift; path = ContentView.swift; sourceTree = "<group>"; };
		791B6F3D2C859D4B007B10D7 /* Assets.xcassets */ = {isa = PBXFileReference; lastKnownFileType = folder.assetcatalog; path = Assets.xcassets; sourceTree = "<group>"; };
		791B6F402C859D4B007B10D7 /* Preview Assets.xcassets */ = {isa = PBXFileReference; lastKnownFileType = folder.assetcatalog; path = "Preview Assets.xcassets"; sourceTree = "<group>"; };
		791B6F472C859DED007B10D7 /* GoogleService-Info.plist */ = {isa = PBXFileReference; fileEncoding = 4; lastKnownFileType = text.plist.xml; path = "GoogleService-Info.plist"; sourceTree = "<group>"; };
		79262D412C85DD0600E19C82 /* AuthViewModel.swift */ = {isa = PBXFileReference; lastKnownFileType = sourcecode.swift; path = AuthViewModel.swift; sourceTree = "<group>"; };
		79262D452C85E74400E19C82 /* LoginView.swift */ = {isa = PBXFileReference; lastKnownFileType = sourcecode.swift; path = LoginView.swift; sourceTree = "<group>"; };
		79262D472C8688BE00E19C82 /* MainView.swift */ = {isa = PBXFileReference; lastKnownFileType = sourcecode.swift; path = MainView.swift; sourceTree = "<group>"; };
		79B3154A2C8AABF6002C9462 /* PickImage.swift */ = {isa = PBXFileReference; lastKnownFileType = sourcecode.swift; path = PickImage.swift; sourceTree = "<group>"; };
		79D46DE92C883DF4003F1CF8 /* PostViewModel.swift */ = {isa = PBXFileReference; lastKnownFileType = sourcecode.swift; path = PostViewModel.swift; sourceTree = "<group>"; };
		79F27D732C89CF9A00D1AA65 /* PostView.swift */ = {isa = PBXFileReference; lastKnownFileType = sourcecode.swift; path = PostView.swift; sourceTree = "<group>"; };
/* End PBXFileReference section */

/* Begin PBXFrameworksBuildPhase section */
		791B6F332C859D49007B10D7 /* Frameworks */ = {
			isa = PBXFrameworksBuildPhase;
			buildActionMask = 2147483647;
			files = (
				79F747502C85A7BE00E4BB30 /* FirebaseAuth in Frameworks */,
				79D46DF02C8851A6003F1CF8 /* FirebaseStorage in Frameworks */,
				79D46DEC2C884232003F1CF8 /* FirebaseFirestore in Frameworks */,
			);
			runOnlyForDeploymentPostprocessing = 0;
		};
/* End PBXFrameworksBuildPhase section */

/* Begin PBXGroup section */
		791B6F2D2C859D49007B10D7 = {
			isa = PBXGroup;
			children = (
				791B6F382C859D49007B10D7 /* Social Media */,
				791B6F372C859D49007B10D7 /* Products */,
				79F7474E2C85A7BE00E4BB30 /* Frameworks */,
			);
			sourceTree = "<group>";
		};
		791B6F372C859D49007B10D7 /* Products */ = {
			isa = PBXGroup;
			children = (
				791B6F362C859D49007B10D7 /* Social Media.app */,
			);
			name = Products;
			sourceTree = "<group>";
		};
		791B6F382C859D49007B10D7 /* Social Media */ = {
			isa = PBXGroup;
			children = (
				791B6F392C859D49007B10D7 /* Social_MediaApp.swift */,
				791B6F3B2C859D49007B10D7 /* ContentView.swift */,
				79262D472C8688BE00E19C82 /* MainView.swift */,
				79262D412C85DD0600E19C82 /* AuthViewModel.swift */,
				79D46DE92C883DF4003F1CF8 /* PostViewModel.swift */,
				79B3154A2C8AABF6002C9462 /* PickImage.swift */,
				79262D452C85E74400E19C82 /* LoginView.swift */,
				79F27D732C89CF9A00D1AA65 /* PostView.swift */,
				791B6F3D2C859D4B007B10D7 /* Assets.xcassets */,
				791B6F472C859DED007B10D7 /* GoogleService-Info.plist */,
				791B6F3F2C859D4B007B10D7 /* Preview Content */,
			);
			path = "Social Media";
			sourceTree = "<group>";
		};
		791B6F3F2C859D4B007B10D7 /* Preview Content */ = {
			isa = PBXGroup;
			children = (
				791B6F402C859D4B007B10D7 /* Preview Assets.xcassets */,
			);
			path = "Preview Content";
			sourceTree = "<group>";
		};
		79F7474E2C85A7BE00E4BB30 /* Frameworks */ = {
			isa = PBXGroup;
			children = (
			);
			name = Frameworks;
			sourceTree = "<group>";
		};
/* End PBXGroup section */

/* Begin PBXNativeTarget section */
		791B6F352C859D49007B10D7 /* Social Media */ = {
			isa = PBXNativeTarget;
			buildConfigurationList = 791B6F442C859D4B007B10D7 /* Build configuration list for PBXNativeTarget "Social Media" */;
			buildPhases = (
				791B6F322C859D49007B10D7 /* Sources */,
				791B6F332C859D49007B10D7 /* Frameworks */,
				791B6F342C859D49007B10D7 /* Resources */,
			);
			buildRules = (
			);
			dependencies = (
			);
			name = "Social Media";
			packageProductDependencies = (
				79F7474F2C85A7BE00E4BB30 /* FirebaseAuth */,
				79D46DEB2C884232003F1CF8 /* FirebaseFirestore */,
				79D46DEF2C8851A6003F1CF8 /* FirebaseStorage */,
			);
			productName = "Social Media";
			productReference = 791B6F362C859D49007B10D7 /* Social Media.app */;
			productType = "com.apple.product-type.application";
		};
/* End PBXNativeTarget section */

/* Begin PBXProject section */
		791B6F2E2C859D49007B10D7 /* Project object */ = {
			isa = PBXProject;
			attributes = {
				BuildIndependentTargetsInParallel = 1;
				LastSwiftUpdateCheck = 1530;
				LastUpgradeCheck = 1530;
				TargetAttributes = {
					791B6F352C859D49007B10D7 = {
						CreatedOnToolsVersion = 15.3;
					};
				};
			};
			buildConfigurationList = 791B6F312C859D49007B10D7 /* Build configuration list for PBXProject "Social Media" */;
			compatibilityVersion = "Xcode 14.0";
			developmentRegion = en;
			hasScannedForEncodings = 0;
			knownRegions = (
				en,
				Base,
			);
			mainGroup = 791B6F2D2C859D49007B10D7;
			packageReferences = (
				791B6F492C859E39007B10D7 /* XCRemoteSwiftPackageReference "firebase-ios-sdk" */,
			);
			productRefGroup = 791B6F372C859D49007B10D7 /* Products */;
			projectDirPath = "";
			projectRoot = "";
			targets = (
				791B6F352C859D49007B10D7 /* Social Media */,
			);
		};
/* End PBXProject section */

/* Begin PBXResourcesBuildPhase section */
		791B6F342C859D49007B10D7 /* Resources */ = {
			isa = PBXResourcesBuildPhase;
			buildActionMask = 2147483647;
			files = (
				791B6F412C859D4B007B10D7 /* Preview Assets.xcassets in Resources */,
				791B6F3E2C859D4B007B10D7 /* Assets.xcassets in Resources */,
				791B6F482C859DEE007B10D7 /* GoogleService-Info.plist in Resources */,
			);
			runOnlyForDeploymentPostprocessing = 0;
		};
/* End PBXResourcesBuildPhase section */

/* Begin PBXSourcesBuildPhase section */
		791B6F322C859D49007B10D7 /* Sources */ = {
			isa = PBXSourcesBuildPhase;
			buildActionMask = 2147483647;
			files = (
				79F27D742C89CF9A00D1AA65 /* PostView.swift in Sources */,
				79D46DEA2C883DF4003F1CF8 /* PostViewModel.swift in Sources */,
				79262D482C8688BE00E19C82 /* MainView.swift in Sources */,
				791B6F3C2C859D49007B10D7 /* ContentView.swift in Sources */,
				79B3154B2C8AABF6002C9462 /* PickImage.swift in Sources */,
				791B6F3A2C859D49007B10D7 /* Social_MediaApp.swift in Sources */,
				79262D462C85E74400E19C82 /* LoginView.swift in Sources */,
				79262D422C85DD0600E19C82 /* AuthViewModel.swift in Sources */,
			);
			runOnlyForDeploymentPostprocessing = 0;
		};
/* End PBXSourcesBuildPhase section */

/* Begin XCBuildConfiguration section */
		791B6F422C859D4B007B10D7 /* Debug */ = {
			isa = XCBuildConfiguration;
			buildSettings = {
				ALWAYS_SEARCH_USER_PATHS = NO;
				ASSETCATALOG_COMPILER_GENERATE_SWIFT_ASSET_SYMBOL_EXTENSIONS = YES;
				CLANG_ANALYZER_NONNULL = YES;
				CLANG_ANALYZER_NUMBER_OBJECT_CONVERSION = YES_AGGRESSIVE;
				CLANG_CXX_LANGUAGE_STANDARD = "gnu++20";
				CLANG_ENABLE_MODULES = YES;
				CLANG_ENABLE_OBJC_ARC = YES;
				CLANG_ENABLE_OBJC_WEAK = YES;
				CLANG_WARN_BLOCK_CAPTURE_AUTORELEASING = YES;
				CLANG_WARN_BOOL_CONVERSION = YES;
				CLANG_WARN_COMMA = YES;
				CLANG_WARN_CONSTANT_CONVERSION = YES;
				CLANG_WARN_DEPRECATED_OBJC_IMPLEMENTATIONS = YES;
				CLANG_WARN_DIRECT_OBJC_ISA_USAGE = YES_ERROR;
				CLANG_WARN_DOCUMENTATION_COMMENTS = YES;
				CLANG_WARN_EMPTY_BODY = YES;
				CLANG_WARN_ENUM_CONVERSION = YES;
				CLANG_WARN_INFINITE_RECURSION = YES;
				CLANG_WARN_INT_CONVERSION = YES;
				CLANG_WARN_NON_LITERAL_NULL_CONVERSION = YES;
				CLANG_WARN_OBJC_IMPLICIT_RETAIN_SELF = YES;
				CLANG_WARN_OBJC_LITERAL_CONVERSION = YES;
				CLANG_WARN_OBJC_ROOT_CLASS = YES_ERROR;
				CLANG_WARN_QUOTED_INCLUDE_IN_FRAMEWORK_HEADER = YES;
				CLANG_WARN_RANGE_LOOP_ANALYSIS = YES;
				CLANG_WARN_STRICT_PROTOTYPES = YES;
				CLANG_WARN_SUSPICIOUS_MOVE = YES;
				CLANG_WARN_UNGUARDED_AVAILABILITY = YES_AGGRESSIVE;
				CLANG_WARN_UNREACHABLE_CODE = YES;
				CLANG_WARN__DUPLICATE_METHOD_MATCH = YES;
				COPY_PHASE_STRIP = NO;
				DEBUG_INFORMATION_FORMAT = dwarf;
				ENABLE_STRICT_OBJC_MSGSEND = YES;
				ENABLE_TESTABILITY = YES;
				ENABLE_USER_SCRIPT_SANDBOXING = YES;
				GCC_C_LANGUAGE_STANDARD = gnu17;
				GCC_DYNAMIC_NO_PIC = NO;
				GCC_NO_COMMON_BLOCKS = YES;
				GCC_OPTIMIZATION_LEVEL = 0;
				GCC_PREPROCESSOR_DEFINITIONS = (
					"DEBUG=1",
					"$(inherited)",
				);
				GCC_WARN_64_TO_32_BIT_CONVERSION = YES;
				GCC_WARN_ABOUT_RETURN_TYPE = YES_ERROR;
				GCC_WARN_UNDECLARED_SELECTOR = YES;
				GCC_WARN_UNINITIALIZED_AUTOS = YES_AGGRESSIVE;
				GCC_WARN_UNUSED_FUNCTION = YES;
				GCC_WARN_UNUSED_VARIABLE = YES;
				IPHONEOS_DEPLOYMENT_TARGET = 17.4;
				LOCALIZATION_PREFERS_STRING_CATALOGS = YES;
				MTL_ENABLE_DEBUG_INFO = INCLUDE_SOURCE;
				MTL_FAST_MATH = YES;
				ONLY_ACTIVE_ARCH = YES;
				SDKROOT = iphoneos;
				SWIFT_ACTIVE_COMPILATION_CONDITIONS = "DEBUG $(inherited)";
				SWIFT_OPTIMIZATION_LEVEL = "-Onone";
			};
			name = Debug;
		};
		791B6F432C859D4B007B10D7 /* Release */ = {
			isa = XCBuildConfiguration;
			buildSettings = {
				ALWAYS_SEARCH_USER_PATHS = NO;
				ASSETCATALOG_COMPILER_GENERATE_SWIFT_ASSET_SYMBOL_EXTENSIONS = YES;
				CLANG_ANALYZER_NONNULL = YES;
				CLANG_ANALYZER_NUMBER_OBJECT_CONVERSION = YES_AGGRESSIVE;
				CLANG_CXX_LANGUAGE_STANDARD = "gnu++20";
				CLANG_ENABLE_MODULES = YES;
				CLANG_ENABLE_OBJC_ARC = YES;
				CLANG_ENABLE_OBJC_WEAK = YES;
				CLANG_WARN_BLOCK_CAPTURE_AUTORELEASING = YES;
				CLANG_WARN_BOOL_CONVERSION = YES;
				CLANG_WARN_COMMA = YES;
				CLANG_WARN_CONSTANT_CONVERSION = YES;
				CLANG_WARN_DEPRECATED_OBJC_IMPLEMENTATIONS = YES;
				CLANG_WARN_DIRECT_OBJC_ISA_USAGE = YES_ERROR;
				CLANG_WARN_DOCUMENTATION_COMMENTS = YES;
				CLANG_WARN_EMPTY_BODY = YES;
				CLANG_WARN_ENUM_CONVERSION = YES;
				CLANG_WARN_INFINITE_RECURSION = YES;
				CLANG_WARN_INT_CONVERSION = YES;
				CLANG_WARN_NON_LITERAL_NULL_CONVERSION = YES;
				CLANG_WARN_OBJC_IMPLICIT_RETAIN_SELF = YES;
				CLANG_WARN_OBJC_LITERAL_CONVERSION = YES;
				CLANG_WARN_OBJC_ROOT_CLASS = YES_ERROR;
				CLANG_WARN_QUOTED_INCLUDE_IN_FRAMEWORK_HEADER = YES;
				CLANG_WARN_RANGE_LOOP_ANALYSIS = YES;
				CLANG_WARN_STRICT_PROTOTYPES = YES;
				CLANG_WARN_SUSPICIOUS_MOVE = YES;
				CLANG_WARN_UNGUARDED_AVAILABILITY = YES_AGGRESSIVE;
				CLANG_WARN_UNREACHABLE_CODE = YES;
				CLANG_WARN__DUPLICATE_METHOD_MATCH = YES;
				COPY_PHASE_STRIP = NO;
				DEBUG_INFORMATION_FORMAT = "dwarf-with-dsym";
				ENABLE_NS_ASSERTIONS = NO;
				ENABLE_STRICT_OBJC_MSGSEND = YES;
				ENABLE_USER_SCRIPT_SANDBOXING = YES;
				GCC_C_LANGUAGE_STANDARD = gnu17;
				GCC_NO_COMMON_BLOCKS = YES;
				GCC_WARN_64_TO_32_BIT_CONVERSION = YES;
				GCC_WARN_ABOUT_RETURN_TYPE = YES_ERROR;
				GCC_WARN_UNDECLARED_SELECTOR = YES;
				GCC_WARN_UNINITIALIZED_AUTOS = YES_AGGRESSIVE;
				GCC_WARN_UNUSED_FUNCTION = YES;
				GCC_WARN_UNUSED_VARIABLE = YES;
				IPHONEOS_DEPLOYMENT_TARGET = 17.4;
				LOCALIZATION_PREFERS_STRING_CATALOGS = YES;
				MTL_ENABLE_DEBUG_INFO = NO;
				MTL_FAST_MATH = YES;
				SDKROOT = iphoneos;
				SWIFT_COMPILATION_MODE = wholemodule;
				VALIDATE_PRODUCT = YES;
			};
			name = Release;
		};
		791B6F452C859D4B007B10D7 /* Debug */ = {
			isa = XCBuildConfiguration;
			buildSettings = {
				ASSETCATALOG_COMPILER_APPICON_NAME = AppIcon;
				ASSETCATALOG_COMPILER_GLOBAL_ACCENT_COLOR_NAME = AccentColor;
				CODE_SIGN_STYLE = Automatic;
				CURRENT_PROJECT_VERSION = 1;
				DEVELOPMENT_ASSET_PATHS = "\"Social Media/Preview Content\"";
				DEVELOPMENT_TEAM = 2MZ6A74JXW;
				ENABLE_PREVIEWS = YES;
				GENERATE_INFOPLIST_FILE = YES;
				INFOPLIST_KEY_UIApplicationSceneManifest_Generation = YES;
				INFOPLIST_KEY_UIApplicationSupportsIndirectInputEvents = YES;
				INFOPLIST_KEY_UILaunchScreen_Generation = YES;
				INFOPLIST_KEY_UISupportedInterfaceOrientations_iPad = "UIInterfaceOrientationPortrait UIInterfaceOrientationPortraitUpsideDown UIInterfaceOrientationLandscapeLeft UIInterfaceOrientationLandscapeRight";
				INFOPLIST_KEY_UISupportedInterfaceOrientations_iPhone = "UIInterfaceOrientationPortrait UIInterfaceOrientationLandscapeLeft UIInterfaceOrientationLandscapeRight";
				LD_RUNPATH_SEARCH_PATHS = (
					"$(inherited)",
					"@executable_path/Frameworks",
				);
				MARKETING_VERSION = 1.0;
				PRODUCT_BUNDLE_IDENTIFIER = "com.pratama.Social-Media";
				PRODUCT_NAME = "$(TARGET_NAME)";
				SWIFT_EMIT_LOC_STRINGS = YES;
				SWIFT_VERSION = 5.0;
				TARGETED_DEVICE_FAMILY = "1,2";
			};
			name = Debug;
		};
		791B6F462C859D4B007B10D7 /* Release */ = {
			isa = XCBuildConfiguration;
			buildSettings = {
				ASSETCATALOG_COMPILER_APPICON_NAME = AppIcon;
				ASSETCATALOG_COMPILER_GLOBAL_ACCENT_COLOR_NAME = AccentColor;
				CODE_SIGN_STYLE = Automatic;
				CURRENT_PROJECT_VERSION = 1;
				DEVELOPMENT_ASSET_PATHS = "\"Social Media/Preview Content\"";
				DEVELOPMENT_TEAM = 2MZ6A74JXW;
				ENABLE_PREVIEWS = YES;
				GENERATE_INFOPLIST_FILE = YES;
				INFOPLIST_KEY_UIApplicationSceneManifest_Generation = YES;
				INFOPLIST_KEY_UIApplicationSupportsIndirectInputEvents = YES;
				INFOPLIST_KEY_UILaunchScreen_Generation = YES;
				INFOPLIST_KEY_UISupportedInterfaceOrientations_iPad = "UIInterfaceOrientationPortrait UIInterfaceOrientationPortraitUpsideDown UIInterfaceOrientationLandscapeLeft UIInterfaceOrientationLandscapeRight";
				INFOPLIST_KEY_UISupportedInterfaceOrientations_iPhone = "UIInterfaceOrientationPortrait UIInterfaceOrientationLandscapeLeft UIInterfaceOrientationLandscapeRight";
				LD_RUNPATH_SEARCH_PATHS = (
					"$(inherited)",
					"@executable_path/Frameworks",
				);
				MARKETING_VERSION = 1.0;
				PRODUCT_BUNDLE_IDENTIFIER = "com.pratama.Social-Media";
				PRODUCT_NAME = "$(TARGET_NAME)";
				SWIFT_EMIT_LOC_STRINGS = YES;
				SWIFT_VERSION = 5.0;
				TARGETED_DEVICE_FAMILY = "1,2";
			};
			name = Release;
		};
/* End XCBuildConfiguration section */

/* Begin XCConfigurationList section */
		791B6F312C859D49007B10D7 /* Build configuration list for PBXProject "Social Media" */ = {
			isa = XCConfigurationList;
			buildConfigurations = (
				791B6F422C859D4B007B10D7 /* Debug */,
				791B6F432C859D4B007B10D7 /* Release */,
			);
			defaultConfigurationIsVisible = 0;
			defaultConfigurationName = Release;
		};
		791B6F442C859D4B007B10D7 /* Build configuration list for PBXNativeTarget "Social Media" */ = {
			isa = XCConfigurationList;
			buildConfigurations = (
				791B6F452C859D4B007B10D7 /* Debug */,
				791B6F462C859D4B007B10D7 /* Release */,
			);
			defaultConfigurationIsVisible = 0;
			defaultConfigurationName = Release;
		};
/* End XCConfigurationList section */

/* Begin XCRemoteSwiftPackageReference section */
		791B6F492C859E39007B10D7 /* XCRemoteSwiftPackageReference "firebase-ios-sdk" */ = {
			isa = XCRemoteSwiftPackageReference;
			repositoryURL = "https://github.com/firebase/firebase-ios-sdk";
			requirement = {
				kind = upToNextMajorVersion;
				minimumVersion = 11.1.0;
			};
		};
/* End XCRemoteSwiftPackageReference section */

/* Begin XCSwiftPackageProductDependency section */
		79D46DEB2C884232003F1CF8 /* FirebaseFirestore */ = {
			isa = XCSwiftPackageProductDependency;
			package = 791B6F492C859E39007B10D7 /* XCRemoteSwiftPackageReference "firebase-ios-sdk" */;
			productName = FirebaseFirestore;
		};
		79D46DEF2C8851A6003F1CF8 /* FirebaseStorage */ = {
			isa = XCSwiftPackageProductDependency;
			package = 791B6F492C859E39007B10D7 /* XCRemoteSwiftPackageReference "firebase-ios-sdk" */;
			productName = FirebaseStorage;
		};
		79F7474F2C85A7BE00E4BB30 /* FirebaseAuth */ = {
			isa = XCSwiftPackageProductDependency;
			package = 791B6F492C859E39007B10D7 /* XCRemoteSwiftPackageReference "firebase-ios-sdk" */;
			productName = FirebaseAuth;
		};
/* End XCSwiftPackageProductDependency section */
	};
	rootObject = 791B6F2E2C859D49007B10D7 /* Project object */;
}
